
Microsoft Visual Studio Solution File, Format Version 12.00
# Visual Studio 15
VisualStudioVersion = 15.0.27004.2010
MinimumVisualStudioVersion = 10.0.40219.1
Project("{9A19103F-16F7-4668-BE54-9A1E7A4F7556}") = "Anker.WeiXin.MP.CoreDynamicShow", "Anker.WeiXin.MP.CoreDynamicShow\Anker.WeiXin.MP.CoreDynamicShow.csproj", "{B35CE1CF-D650-4AA5-BA71-F92173EEBF86}"
EndProject
Global
	GlobalSection(SolutionConfigurationPlatforms) = preSolution
		Debug|Any CPU = Debug|Any CPU
		Release|Any CPU = Release|Any CPU
	EndGlobalSection
	GlobalSection(ProjectConfigurationPlatforms) = postSolution
		{B35CE1CF-D650-4AA5-BA71-F92173EEBF86}.Debug|Any CPU.ActiveCfg = Debug|Any CPU
		{B35CE1CF-D650-4AA5-BA71-F92173EEBF86}.Debug|Any CPU.Build.0 = Debug|Any CPU
		{B35CE1CF-D650-4AA5-BA71-F92173EEBF86}.Release|Any CPU.ActiveCfg = Release|Any CPU
		{B35CE1CF-D650-4AA5-BA71-F92173EEBF86}.Release|Any CPU.Build.0 = Release|Any CPU
	EndGlobalSection
	GlobalSection(SolutionProperties) = preSolution
		HideSolutionNode = FALSE
	EndGlobalSection
	GlobalSection(ExtensibilityGlobals) = postSolution
		SolutionGuid = {C493B04E-7AFE-429B-9BD6-E63410C76200}
	EndGlobalSection
EndGlobal
